
Microsoft Visual Studio Solution File, Format Version 12.00
# Visual Studio Version 17
VisualStudioVersion = 17.6.33815.320
MinimumVisualStudioVersion = 10.0.40219.1
Project("{FAE04EC0-301F-11D3-BF4B-00C04F79EFBC}") = "ProjetoControleVendas", "ProjetoControleVendas\ProjetoControleVendas.csproj", "{8ED135BA-629E-4A43-BF62-C63DD98F80F8}"
EndProject
Global
	GlobalSection(SolutionConfigurationPlatforms) = preSolution
		Debug|Any CPU = Debug|Any CPU
		Release|Any CPU = Release|Any CPU
	EndGlobalSection
	GlobalSection(ProjectConfigurationPlatforms) = postSolution
		{8ED135BA-629E-4A43-BF62-C63DD98F80F8}.Debug|Any CPU.ActiveCfg = Debug|Any CPU
		{8ED135BA-629E-4A43-BF62-C63DD98F80F8}.Debug|Any CPU.Build.0 = Debug|Any CPU
		{8ED135BA-629E-4A43-BF62-C63DD98F80F8}.Release|Any CPU.ActiveCfg = Release|Any CPU
		{8ED135BA-629E-4A43-BF62-C63DD98F80F8}.Release|Any CPU.Build.0 = Release|Any CPU
	EndGlobalSection
	GlobalSection(SolutionProperties) = preSolution
		HideSolutionNode = FALSE
	EndGlobalSection
	GlobalSection(ExtensibilityGlobals) = postSolution
		SolutionGuid = {84DD0253-61F1-46D8-87EC-CCB179F959D6}
	EndGlobalSection
EndGlobal
